// !$*UTF8*$!
{
	archiveVersion = 1;
	classes = {
	};
	objectVersion = 77;
	objects = {

/* Begin PBXBuildFile section */
		79DED1EA2F643DE4003B03F4 /* ShortcutData.swift in Sources */ = {isa = PBXBuildFile; fileRef = 79DED1E22F643DE2003B03F4 /* ShortcutData.swift */; };
		79DED1EB2F643DE4003B03F4 /* ShortcutRowView.swift in Sources */ = {isa = PBXBuildFile; fileRef = 79DED1E82F643DE2003B03F4 /* ShortcutRowView.swift */; };
		79DED1EC2F643DE4003B03F4 /* ContentView.swift in Sources */ = {isa = PBXBuildFile; fileRef = 79DED1E72F643DE2003B03F4 /* ContentView.swift */; };
		79DED1ED2F643DE4003B03F4 /* QuickLaunchApp.swift in Sources */ = {isa = PBXBuildFile; fileRef = 79DED1E62F643DE2003B03F4 /* QuickLaunchApp.swift */; };
		79DED1EE2F643DE4003B03F4 /* AppShortcut.swift in Sources */ = {isa = PBXBuildFile; fileRef = 79DED1E42F643DE2003B03F4 /* AppShortcut.swift */; };
		79DED2042F644004003B03F4 /* AppShortcut.swift in Sources */ = {isa = PBXBuildFile; fileRef = 79DED1E42F643DE2003B03F4 /* AppShortcut.swift */; };
		79DED2052F644005003B03F4 /* ShortcutData.swift in Sources */ = {isa = PBXBuildFile; fileRef = 79DED1E22F643DE2003B03F4 /* ShortcutData.swift */; };
		79DED2082F644008003B03F4 /* QuickLaunchWidgetExtension.appex in Embed App Extensions */ = {isa = PBXBuildFile; fileRef = 79DED2012F644001003B03F4 /* QuickLaunchWidgetExtension.appex */; settings = {ATTRIBUTES = (RemoveHeadersOnCopy, ); }; };
/* End PBXBuildFile section */

/* Begin PBXContainerItemProxy section */
		79DED1C62F643D8B003B03F4 /* PBXContainerItemProxy */ = {
			isa = PBXContainerItemProxy;
			containerPortal = 79DED1B02F643D89003B03F4 /* Project object */;
			proxyType = 1;
			remoteGlobalIDString = 79DED1B72F643D89003B03F4;
			remoteInfo = QuickLaunch;
		};
		79DED1D02F643D8B003B03F4 /* PBXContainerItemProxy */ = {
			isa = PBXContainerItemProxy;
			containerPortal = 79DED1B02F643D89003B03F4 /* Project object */;
			proxyType = 1;
			remoteGlobalIDString = 79DED1B72F643D89003B03F4;
			remoteInfo = QuickLaunch;
		};
		79DED2102F644010003B03F4 /* PBXContainerItemProxy */ = {
			isa = PBXContainerItemProxy;
			containerPortal = 79DED1B02F643D89003B03F4 /* Project object */;
			proxyType = 1;
			remoteGlobalIDString = 79DED2092F644009003B03F4;
			remoteInfo = QuickLaunchWidgetExtension;
		};
/* End PBXContainerItemProxy section */

/* Begin PBXCopyFilesBuildPhase section */
		79DED2122F644012003B03F4 /* Embed App Extensions */ = {
			isa = PBXCopyFilesBuildPhase;
			buildActionMask = 2147483647;
			dstPath = "";
			dstSubfolderSpec = 13;
			files = (
				79DED2082F644008003B03F4 /* QuickLaunchWidgetExtension.appex in Embed App Extensions */,
			);
			name = "Embed App Extensions";
			runOnlyForDeploymentPostprocessing = 0;
		};
/* End PBXCopyFilesBuildPhase section */

/* Begin PBXFileReference section */
		79DED1B82F643D89003B03F4 /* QuickLaunch.app */ = {isa = PBXFileReference; explicitFileType = wrapper.application; includeInIndex = 0; path = QuickLaunch.app; sourceTree = BUILT_PRODUCTS_DIR; };
		79DED1C52F643D8B003B03F4 /* QuickLaunchTests.xctest */ = {isa = PBXFileReference; explicitFileType = wrapper.cfbundle; includeInIndex = 0; path = QuickLaunchTests.xctest; sourceTree = BUILT_PRODUCTS_DIR; };
		79DED1CF2F643D8B003B03F4 /* QuickLaunchUITests.xctest */ = {isa = PBXFileReference; explicitFileType = wrapper.cfbundle; includeInIndex = 0; path = QuickLaunchUITests.xctest; sourceTree = BUILT_PRODUCTS_DIR; };
		79DED1E22F643DE2003B03F4 /* ShortcutData.swift */ = {isa = PBXFileReference; lastKnownFileType = sourcecode.swift; path = ShortcutData.swift; sourceTree = "<group>"; };
		79DED1E42F643DE2003B03F4 /* AppShortcut.swift */ = {isa = PBXFileReference; lastKnownFileType = sourcecode.swift; path = AppShortcut.swift; sourceTree = "<group>"; };
		79DED1E62F643DE2003B03F4 /* QuickLaunchApp.swift */ = {isa = PBXFileReference; lastKnownFileType = sourcecode.swift; path = QuickLaunchApp.swift; sourceTree = "<group>"; };
		79DED1E72F643DE2003B03F4 /* ContentView.swift */ = {isa = PBXFileReference; lastKnownFileType = sourcecode.swift; path = ContentView.swift; sourceTree = "<group>"; };
		79DED1E82F643DE2003B03F4 /* ShortcutRowView.swift */ = {isa = PBXFileReference; lastKnownFileType = sourcecode.swift; path = ShortcutRowView.swift; sourceTree = "<group>"; };
		79DED2012F644001003B03F4 /* QuickLaunchWidgetExtension.appex */ = {isa = PBXFileReference; explicitFileType = "wrapper.app-extension"; includeInIndex = 0; path = QuickLaunchWidgetExtension.appex; sourceTree = BUILT_PRODUCTS_DIR; };
/* End PBXFileReference section */

/* Begin PBXFileSystemSynchronizedBuildFileExceptionSet section */
		79DED2142F644014003B03F4 /* PBXFileSystemSynchronizedBuildFileExceptionSet */ = {
			isa = PBXFileSystemSynchronizedBuildFileExceptionSet;
			membershipExceptions = (
				Info.plist,
			);
			target = 79DED2092F644009003B03F4 /* QuickLaunchWidgetExtension */;
		};
/* End PBXFileSystemSynchronizedBuildFileExceptionSet section */

/* Begin PBXFileSystemSynchronizedRootGroup section */
		79DED1BA2F643D89003B03F4 /* QuickLaunch */ = {
			isa = PBXFileSystemSynchronizedRootGroup;
			path = QuickLaunch;
			sourceTree = "<group>";
		};
		79DED1C82F643D8B003B03F4 /* QuickLaunchTests */ = {
			isa = PBXFileSystemSynchronizedRootGroup;
			path = QuickLaunchTests;
			sourceTree = "<group>";
		};
		79DED1D22F643D8B003B03F4 /* QuickLaunchUITests */ = {
			isa = PBXFileSystemSynchronizedRootGroup;
			path = QuickLaunchUITests;
			sourceTree = "<group>";
		};
		79DED2002F644000003B03F4 /* QuickLaunchWidget */ = {
			isa = PBXFileSystemSynchronizedRootGroup;
			exceptions = (
				79DED2142F644014003B03F4 /* PBXFileSystemSynchronizedBuildFileExceptionSet */,
			);
			path = QuickLaunchWidget;
			sourceTree = "<group>";
		};
/* End PBXFileSystemSynchronizedRootGroup section */

/* Begin PBXFrameworksBuildPhase section */
		79DED1B52F643D89003B03F4 /* Frameworks */ = {
			isa = PBXFrameworksBuildPhase;
			buildActionMask = 2147483647;
			files = (
			);
			runOnlyForDeploymentPostprocessing = 0;
		};
		79DED1C22F643D8B003B03F4 /* Frameworks */ = {
			isa = PBXFrameworksBuildPhase;
			buildActionMask = 2147483647;
			files = (
			);
			runOnlyForDeploymentPostprocessing = 0;
		};
		79DED1CC2F643D8B003B03F4 /* Frameworks */ = {
			isa = PBXFrameworksBuildPhase;
			buildActionMask = 2147483647;
			files = (
			);
			runOnlyForDeploymentPostprocessing = 0;
		};
		79DED20B2F64400B003B03F4 /* Frameworks */ = {
			isa = PBXFrameworksBuildPhase;
			buildActionMask = 2147483647;
			files = (
			);
			runOnlyForDeploymentPostprocessing = 0;
		};
/* End PBXFrameworksBuildPhase section */

/* Begin PBXGroup section */
		79DED1AF2F643D89003B03F4 = {
			isa = PBXGroup;
			children = (
				79DED1E32F643DE2003B03F4 /* Data */,
				79DED1E52F643DE2003B03F4 /* Models */,
				79DED1E62F643DE2003B03F4 /* QuickLaunchApp.swift */,
				79DED1E92F643DE2003B03F4 /* Views */,
				79DED1BA2F643D89003B03F4 /* QuickLaunch */,
				79DED1C82F643D8B003B03F4 /* QuickLaunchTests */,
				79DED1D22F643D8B003B03F4 /* QuickLaunchUITests */,
				79DED2002F644000003B03F4 /* QuickLaunchWidget */,
				79DED1B92F643D89003B03F4 /* Products */,
			);
			sourceTree = "<group>";
		};
		79DED1B92F643D89003B03F4 /* Products */ = {
			isa = PBXGroup;
			children = (
				79DED1B82F643D89003B03F4 /* QuickLaunch.app */,
				79DED1C52F643D8B003B03F4 /* QuickLaunchTests.xctest */,
				79DED1CF2F643D8B003B03F4 /* QuickLaunchUITests.xctest */,
				79DED2012F644001003B03F4 /* QuickLaunchWidgetExtension.appex */,
			);
			name = Products;
			sourceTree = "<group>";
		};
		79DED1E32F643DE2003B03F4 /* Data */ = {
			isa = PBXGroup;
			children = (
				79DED1E22F643DE2003B03F4 /* ShortcutData.swift */,
			);
			path = Data;
			sourceTree = "<group>";
		};
		79DED1E52F643DE2003B03F4 /* Models */ = {
			isa = PBXGroup;
			children = (
				79DED1E42F643DE2003B03F4 /* AppShortcut.swift */,
			);
			path = Models;
			sourceTree = "<group>";
		};
		79DED1E92F643DE2003B03F4 /* Views */ = {
			isa = PBXGroup;
			children = (
				79DED1E72F643DE2003B03F4 /* ContentView.swift */,
				79DED1E82F643DE2003B03F4 /* ShortcutRowView.swift */,
			);
			path = Views;
			sourceTree = "<group>";
		};
/* End PBXGroup section */

/* Begin PBXNativeTarget section */
		79DED1B72F643D89003B03F4 /* QuickLaunch */ = {
			isa = PBXNativeTarget;
			buildConfigurationList = 79DED1D92F643D8B003B03F4 /* Build configuration list for PBXNativeTarget "QuickLaunch" */;
			buildPhases = (
				79DED1B42F643D89003B03F4 /* Sources */,
				79DED1B52F643D89003B03F4 /* Frameworks */,
				79DED1B62F643D89003B03F4 /* Resources */,
				79DED2122F644012003B03F4 /* Embed App Extensions */,
			);
			buildRules = (
			);
			dependencies = (
				79DED2112F644011003B03F4 /* PBXTargetDependency */,
			);
			fileSystemSynchronizedGroups = (
				79DED1BA2F643D89003B03F4 /* QuickLaunch */,
			);
			name = QuickLaunch;
			packageProductDependencies = (
			);
			productName = QuickLaunch;
			productReference = 79DED1B82F643D89003B03F4 /* QuickLaunch.app */;
			productType = "com.apple.product-type.application";
		};
		79DED1C42F643D8B003B03F4 /* QuickLaunchTests */ = {
			isa = PBXNativeTarget;
			buildConfigurationList = 79DED1DC2F643D8B003B03F4 /* Build configuration list for PBXNativeTarget "QuickLaunchTests" */;
			buildPhases = (
				79DED1C12F643D8B003B03F4 /* Sources */,
				79DED1C22F643D8B003B03F4 /* Frameworks */,
				79DED1C32F643D8B003B03F4 /* Resources */,
			);
			buildRules = (
			);
			dependencies = (
				79DED1C72F643D8B003B03F4 /* PBXTargetDependency */,
			);
			fileSystemSynchronizedGroups = (
				79DED1C82F643D8B003B03F4 /* QuickLaunchTests */,
			);
			name = QuickLaunchTests;
			packageProductDependencies = (
			);
			productName = QuickLaunchTests;
			productReference = 79DED1C52F643D8B003B03F4 /* QuickLaunchTests.xctest */;
			productType = "com.apple.product-type.bundle.unit-test";
		};
		79DED1CE2F643D8B003B03F4 /* QuickLaunchUITests */ = {
			isa = PBXNativeTarget;
			buildConfigurationList = 79DED1DF2F643D8B003B03F4 /* Build configuration list for PBXNativeTarget "QuickLaunchUITests" */;
			buildPhases = (
				79DED1CB2F643D8B003B03F4 /* Sources */,
				79DED1CC2F643D8B003B03F4 /* Frameworks */,
				79DED1CD2F643D8B003B03F4 /* Resources */,
			);
			buildRules = (
			);
			dependencies = (
				79DED1D12F643D8B003B03F4 /* PBXTargetDependency */,
			);
			fileSystemSynchronizedGroups = (
				79DED1D22F643D8B003B03F4 /* QuickLaunchUITests */,
			);
			name = QuickLaunchUITests;
			packageProductDependencies = (
			);
			productName = QuickLaunchUITests;
			productReference = 79DED1CF2F643D8B003B03F4 /* QuickLaunchUITests.xctest */;
			productType = "com.apple.product-type.bundle.ui-testing";
		};
		79DED2092F644009003B03F4 /* QuickLaunchWidgetExtension */ = {
			isa = PBXNativeTarget;
			buildConfigurationList = 79DED20F2F64400F003B03F4 /* Build configuration list for PBXNativeTarget "QuickLaunchWidgetExtension" */;
			buildPhases = (
				79DED20A2F64400A003B03F4 /* Sources */,
				79DED20B2F64400B003B03F4 /* Frameworks */,
				79DED20C2F64400C003B03F4 /* Resources */,
			);
			buildRules = (
			);
			dependencies = (
			);
			fileSystemSynchronizedGroups = (
				79DED2002F644000003B03F4 /* QuickLaunchWidget */,
			);
			name = QuickLaunchWidgetExtension;
			packageProductDependencies = (
			);
			productName = QuickLaunchWidgetExtension;
			productReference = 79DED2012F644001003B03F4 /* QuickLaunchWidgetExtension.appex */;
			productType = "com.apple.product-type.app-extension";
		};
/* End PBXNativeTarget section */

/* Begin PBXProject section */
		79DED1B02F643D89003B03F4 /* Project object */ = {
			isa = PBXProject;
			attributes = {
				BuildIndependentTargetsInParallel = 1;
				LastSwiftUpdateCheck = 2630;
				LastUpgradeCheck = 2630;
				TargetAttributes = {
					79DED1B72F643D89003B03F4 = {
						CreatedOnToolsVersion = 26.3;
					};
					79DED1C42F643D8B003B03F4 = {
						CreatedOnToolsVersion = 26.3;
						TestTargetID = 79DED1B72F643D89003B03F4;
					};
					79DED1CE2F643D8B003B03F4 = {
						CreatedOnToolsVersion = 26.3;
						TestTargetID = 79DED1B72F643D89003B03F4;
					};
					79DED2092F644009003B03F4 = {
						CreatedOnToolsVersion = 26.3;
					};
				};
			};
			buildConfigurationList = 79DED1B32F643D89003B03F4 /* Build configuration list for PBXProject "QuickLaunch" */;
			developmentRegion = en;
			hasScannedForEncodings = 0;
			knownRegions = (
				en,
				Base,
			);
			mainGroup = 79DED1AF2F643D89003B03F4;
			minimizedProjectReferenceProxies = 1;
			preferredProjectObjectVersion = 77;
			productRefGroup = 79DED1B92F643D89003B03F4 /* Products */;
			projectDirPath = "";
			projectRoot = "";
			targets = (
				79DED1B72F643D89003B03F4 /* QuickLaunch */,
				79DED1C42F643D8B003B03F4 /* QuickLaunchTests */,
				79DED1CE2F643D8B003B03F4 /* QuickLaunchUITests */,
				79DED2092F644009003B03F4 /* QuickLaunchWidgetExtension */,
			);
		};
/* End PBXProject section */

/* Begin PBXResourcesBuildPhase section */
		79DED1B62F643D89003B03F4 /* Resources */ = {
			isa = PBXResourcesBuildPhase;
			buildActionMask = 2147483647;
			files = (
			);
			runOnlyForDeploymentPostprocessing = 0;
		};
		79DED1C32F643D8B003B03F4 /* Resources */ = {
			isa = PBXResourcesBuildPhase;
			buildActionMask = 2147483647;
			files = (
			);
			runOnlyForDeploymentPostprocessing = 0;
		};
		79DED1CD2F643D8B003B03F4 /* Resources */ = {
			isa = PBXResourcesBuildPhase;
			buildActionMask = 2147483647;
			files = (
			);
			runOnlyForDeploymentPostprocessing = 0;
		};
		79DED20C2F64400C003B03F4 /* Resources */ = {
			isa = PBXResourcesBuildPhase;
			buildActionMask = 2147483647;
			files = (
			);
			runOnlyForDeploymentPostprocessing = 0;
		};
/* End PBXResourcesBuildPhase section */

/* Begin PBXSourcesBuildPhase section */
		79DED1B42F643D89003B03F4 /* Sources */ = {
			isa = PBXSourcesBuildPhase;
			buildActionMask = 2147483647;
			files = (
				79DED1EA2F643DE4003B03F4 /* ShortcutData.swift in Sources */,
				79DED1EB2F643DE4003B03F4 /* ShortcutRowView.swift in Sources */,
				79DED1EC2F643DE4003B03F4 /* ContentView.swift in Sources */,
				79DED1ED2F643DE4003B03F4 /* QuickLaunchApp.swift in Sources */,
				79DED1EE2F643DE4003B03F4 /* AppShortcut.swift in Sources */,
			);
			runOnlyForDeploymentPostprocessing = 0;
		};
		79DED1C12F643D8B003B03F4 /* Sources */ = {
			isa = PBXSourcesBuildPhase;
			buildActionMask = 2147483647;
			files = (
			);
			runOnlyForDeploymentPostprocessing = 0;
		};
		79DED1CB2F643D8B003B03F4 /* Sources */ = {
			isa = PBXSourcesBuildPhase;
			buildActionMask = 2147483647;
			files = (
			);
			runOnlyForDeploymentPostprocessing = 0;
		};
		79DED20A2F64400A003B03F4 /* Sources */ = {
			isa = PBXSourcesBuildPhase;
			buildActionMask = 2147483647;
			files = (
				79DED2042F644004003B03F4 /* AppShortcut.swift in Sources */,
				79DED2052F644005003B03F4 /* ShortcutData.swift in Sources */,
			);
			runOnlyForDeploymentPostprocessing = 0;
		};
/* End PBXSourcesBuildPhase section */

/* Begin PBXTargetDependency section */
		79DED1C72F643D8B003B03F4 /* PBXTargetDependency */ = {
			isa = PBXTargetDependency;
			target = 79DED1B72F643D89003B03F4 /* QuickLaunch */;
			targetProxy = 79DED1C62F643D8B003B03F4 /* PBXContainerItemProxy */;
		};
		79DED1D12F643D8B003B03F4 /* PBXTargetDependency */ = {
			isa = PBXTargetDependency;
			target = 79DED1B72F643D89003B03F4 /* QuickLaunch */;
			targetProxy = 79DED1D02F643D8B003B03F4 /* PBXContainerItemProxy */;
		};
		79DED2112F644011003B03F4 /* PBXTargetDependency */ = {
			isa = PBXTargetDependency;
			target = 79DED2092F644009003B03F4 /* QuickLaunchWidgetExtension */;
			targetProxy = 79DED2102F644010003B03F4 /* PBXContainerItemProxy */;
		};
/* End PBXTargetDependency section */

/* Begin XCBuildConfiguration section */
		79DED1D72F643D8B003B03F4 /* Debug */ = {
			isa = XCBuildConfiguration;
			buildSettings = {
				ALWAYS_SEARCH_USER_PATHS = NO;
				ASSETCATALOG_COMPILER_GENERATE_SWIFT_ASSET_SYMBOL_EXTENSIONS = YES;
				CLANG_ANALYZER_NONNULL = YES;
				CLANG_ANALYZER_NUMBER_OBJECT_CONVERSION = YES_AGGRESSIVE;
				CLANG_CXX_LANGUAGE_STANDARD = "gnu++20";
				CLANG_ENABLE_MODULES = YES;
				CLANG_ENABLE_OBJC_ARC = YES;
				CLANG_ENABLE_OBJC_WEAK = YES;
				CLANG_WARN_BLOCK_CAPTURE_AUTORELEASING = YES;
				CLANG_WARN_BOOL_CONVERSION = YES;
				CLANG_WARN_COMMA = YES;
				CLANG_WARN_CONSTANT_CONVERSION = YES;
				CLANG_WARN_DEPRECATED_OBJC_IMPLEMENTATIONS = YES;
				CLANG_WARN_DIRECT_OBJC_ISA_USAGE = YES_ERROR;
				CLANG_WARN_DOCUMENTATION_COMMENTS = YES;
				CLANG_WARN_EMPTY_BODY = YES;
				CLANG_WARN_ENUM_CONVERSION = YES;
				CLANG_WARN_INFINITE_RECURSION = YES;
				CLANG_WARN_INT_CONVERSION = YES;
				CLANG_WARN_NON_LITERAL_NULL_CONVERSION = YES;
				CLANG_WARN_OBJC_IMPLICIT_RETAIN_SELF = YES;
				CLANG_WARN_OBJC_LITERAL_CONVERSION = YES;
				CLANG_WARN_OBJC_ROOT_CLASS = YES_ERROR;
				CLANG_WARN_QUOTED_INCLUDE_IN_FRAMEWORK_HEADER = YES;
				CLANG_WARN_RANGE_LOOP_ANALYSIS = YES;
				CLANG_WARN_STRICT_PROTOTYPES = YES;
				CLANG_WARN_SUSPICIOUS_MOVE = YES;
				CLANG_WARN_UNGUARDED_AVAILABILITY = YES_AGGRESSIVE;
				CLANG_WARN_UNREACHABLE_CODE = YES;
				CLANG_WARN__DUPLICATE_METHOD_MATCH = YES;
				COPY_PHASE_STRIP = NO;
				DEBUG_INFORMATION_FORMAT = dwarf;
				DEVELOPMENT_TEAM = 4F24B8Q93A;
				ENABLE_STRICT_OBJC_MSGSEND = YES;
				ENABLE_TESTABILITY = YES;
				ENABLE_USER_SCRIPT_SANDBOXING = YES;
				GCC_C_LANGUAGE_STANDARD = gnu17;
				GCC_DYNAMIC_NO_PIC = NO;
				GCC_NO_COMMON_BLOCKS = YES;
				GCC_OPTIMIZATION_LEVEL = 0;
				GCC_PREPROCESSOR_DEFINITIONS = (
					"DEBUG=1",
					"$(inherited)",
				);
				GCC_WARN_64_TO_32_BIT_CONVERSION = YES;
				GCC_WARN_ABOUT_RETURN_TYPE = YES_ERROR;
				GCC_WARN_UNDECLARED_SELECTOR = YES;
				GCC_WARN_UNINITIALIZED_AUTOS = YES_AGGRESSIVE;
				GCC_WARN_UNUSED_FUNCTION = YES;
				GCC_WARN_UNUSED_VARIABLE = YES;
				IPHONEOS_DEPLOYMENT_TARGET = 26.2;
				LOCALIZATION_PREFERS_STRING_CATALOGS = YES;
				MTL_ENABLE_DEBUG_INFO = INCLUDE_SOURCE;
				MTL_FAST_MATH = YES;
				ONLY_ACTIVE_ARCH = YES;
				SDKROOT = iphoneos;
				SWIFT_ACTIVE_COMPILATION_CONDITIONS = "DEBUG $(inherited)";
				SWIFT_OPTIMIZATION_LEVEL = "-Onone";
			};
			name = Debug;
		};
		79DED1D82F643D8B003B03F4 /* Release */ = {
			isa = XCBuildConfiguration;
			buildSettings = {
				ALWAYS_SEARCH_USER_PATHS = NO;
				ASSETCATALOG_COMPILER_GENERATE_SWIFT_ASSET_SYMBOL_EXTENSIONS = YES;
				CLANG_ANALYZER_NONNULL = YES;
				CLANG_ANALYZER_NUMBER_OBJECT_CONVERSION = YES_AGGRESSIVE;
				CLANG_CXX_LANGUAGE_STANDARD = "gnu++20";
				CLANG_ENABLE_MODULES = YES;
				CLANG_ENABLE_OBJC_ARC = YES;
				CLANG_ENABLE_OBJC_WEAK = YES;
				CLANG_WARN_BLOCK_CAPTURE_AUTORELEASING = YES;
				CLANG_WARN_BOOL_CONVERSION = YES;
				CLANG_WARN_COMMA = YES;
				CLANG_WARN_CONSTANT_CONVERSION = YES;
				CLANG_WARN_DEPRECATED_OBJC_IMPLEMENTATIONS = YES;
				CLANG_WARN_DIRECT_OBJC_ISA_USAGE = YES_ERROR;
				CLANG_WARN_DOCUMENTATION_COMMENTS = YES;
				CLANG_WARN_EMPTY_BODY = YES;
				CLANG_WARN_ENUM_CONVERSION = YES;
				CLANG_WARN_INFINITE_RECURSION = YES;
				CLANG_WARN_INT_CONVERSION = YES;
				CLANG_WARN_NON_LITERAL_NULL_CONVERSION = YES;
				CLANG_WARN_OBJC_IMPLICIT_RETAIN_SELF = YES;
				CLANG_WARN_OBJC_LITERAL_CONVERSION = YES;
				CLANG_WARN_OBJC_ROOT_CLASS = YES_ERROR;
				CLANG_WARN_QUOTED_INCLUDE_IN_FRAMEWORK_HEADER = YES;
				CLANG_WARN_RANGE_LOOP_ANALYSIS = YES;
				CLANG_WARN_STRICT_PROTOTYPES = YES;
				CLANG_WARN_SUSPICIOUS_MOVE = YES;
				CLANG_WARN_UNGUARDED_AVAILABILITY = YES_AGGRESSIVE;
				CLANG_WARN_UNREACHABLE_CODE = YES;
				CLANG_WARN__DUPLICATE_METHOD_MATCH = YES;
				COPY_PHASE_STRIP = NO;
				DEBUG_INFORMATION_FORMAT = "dwarf-with-dsym";
				DEVELOPMENT_TEAM = 4F24B8Q93A;
				ENABLE_NS_ASSERTIONS = NO;
				ENABLE_STRICT_OBJC_MSGSEND = YES;
				ENABLE_USER_SCRIPT_SANDBOXING = YES;
				GCC_C_LANGUAGE_STANDARD = gnu17;
				GCC_NO_COMMON_BLOCKS = YES;
				GCC_WARN_64_TO_32_BIT_CONVERSION = YES;
				GCC_WARN_ABOUT_RETURN_TYPE = YES_ERROR;
				GCC_WARN_UNDECLARED_SELECTOR = YES;
				GCC_WARN_UNINITIALIZED_AUTOS = YES_AGGRESSIVE;
				GCC_WARN_UNUSED_FUNCTION = YES;
				GCC_WARN_UNUSED_VARIABLE = YES;
				IPHONEOS_DEPLOYMENT_TARGET = 26.2;
				LOCALIZATION_PREFERS_STRING_CATALOGS = YES;
				MTL_ENABLE_DEBUG_INFO = NO;
				MTL_FAST_MATH = YES;
				SDKROOT = iphoneos;
				SWIFT_COMPILATION_MODE = wholemodule;
				VALIDATE_PRODUCT = YES;
			};
			name = Release;
		};
		79DED1DA2F643D8B003B03F4 /* Debug */ = {
			isa = XCBuildConfiguration;
			buildSettings = {
				ASSETCATALOG_COMPILER_APPICON_NAME = AppIcon;
				ASSETCATALOG_COMPILER_GLOBAL_ACCENT_COLOR_NAME = AccentColor;
				CODE_SIGN_STYLE = Automatic;
				CURRENT_PROJECT_VERSION = 1;
				DEVELOPMENT_TEAM = 4F24B8Q93A;
				ENABLE_PREVIEWS = YES;
				GENERATE_INFOPLIST_FILE = YES;
				INFOPLIST_KEY_UIApplicationSceneManifest_Generation = YES;
				INFOPLIST_KEY_UIApplicationSupportsIndirectInputEvents = YES;
				INFOPLIST_KEY_UILaunchScreen_Generation = YES;
				INFOPLIST_KEY_UISupportedInterfaceOrientations_iPad = "UIInterfaceOrientationPortrait UIInterfaceOrientationPortraitUpsideDown UIInterfaceOrientationLandscapeLeft UIInterfaceOrientationLandscapeRight";
				INFOPLIST_KEY_UISupportedInterfaceOrientations_iPhone = "UIInterfaceOrientationPortrait UIInterfaceOrientationLandscapeLeft UIInterfaceOrientationLandscapeRight";
				IPHONEOS_DEPLOYMENT_TARGET = 17.6;
				LD_RUNPATH_SEARCH_PATHS = (
					"$(inherited)",
					"@executable_path/Frameworks",
				);
				MARKETING_VERSION = 1.0;
				PRODUCT_BUNDLE_IDENTIFIER = com.FamiliaDJ.QuickLaunch;
				PRODUCT_NAME = "$(TARGET_NAME)";
				STRING_CATALOG_GENERATE_SYMBOLS = YES;
				SWIFT_APPROACHABLE_CONCURRENCY = YES;
				SWIFT_DEFAULT_ACTOR_ISOLATION = MainActor;
				SWIFT_EMIT_LOC_STRINGS = YES;
				SWIFT_UPCOMING_FEATURE_MEMBER_IMPORT_VISIBILITY = YES;
				SWIFT_VERSION = 5.0;
				TARGETED_DEVICE_FAMILY = "1,2";
			};
			name = Debug;
		};
		79DED1DB2F643D8B003B03F4 /* Release */ = {
			isa = XCBuildConfiguration;
			buildSettings = {
				ASSETCATALOG_COMPILER_APPICON_NAME = AppIcon;
				ASSETCATALOG_COMPILER_GLOBAL_ACCENT_COLOR_NAME = AccentColor;
				CODE_SIGN_STYLE = Automatic;
				CURRENT_PROJECT_VERSION = 1;
				DEVELOPMENT_TEAM = 4F24B8Q93A;
				ENABLE_PREVIEWS = YES;
				GENERATE_INFOPLIST_FILE = YES;
				INFOPLIST_KEY_UIApplicationSceneManifest_Generation = YES;
				INFOPLIST_KEY_UIApplicationSupportsIndirectInputEvents = YES;
				INFOPLIST_KEY_UILaunchScreen_Generation = YES;
				INFOPLIST_KEY_UISupportedInterfaceOrientations_iPad = "UIInterfaceOrientationPortrait UIInterfaceOrientationPortraitUpsideDown UIInterfaceOrientationLandscapeLeft UIInterfaceOrientationLandscapeRight";
				INFOPLIST_KEY_UISupportedInterfaceOrientations_iPhone = "UIInterfaceOrientationPortrait UIInterfaceOrientationLandscapeLeft UIInterfaceOrientationLandscapeRight";
				IPHONEOS_DEPLOYMENT_TARGET = 17.6;
				LD_RUNPATH_SEARCH_PATHS = (
					"$(inherited)",
					"@executable_path/Frameworks",
				);
				MARKETING_VERSION = 1.0;
				PRODUCT_BUNDLE_IDENTIFIER = com.FamiliaDJ.QuickLaunch;
				PRODUCT_NAME = "$(TARGET_NAME)";
				STRING_CATALOG_GENERATE_SYMBOLS = YES;
				SWIFT_APPROACHABLE_CONCURRENCY = YES;
				SWIFT_DEFAULT_ACTOR_ISOLATION = MainActor;
				SWIFT_EMIT_LOC_STRINGS = YES;
				SWIFT_UPCOMING_FEATURE_MEMBER_IMPORT_VISIBILITY = YES;
				SWIFT_VERSION = 5.0;
				TARGETED_DEVICE_FAMILY = "1,2";
			};
			name = Release;
		};
		79DED1DD2F643D8B003B03F4 /* Debug */ = {
			isa = XCBuildConfiguration;
			buildSettings = {
				BUNDLE_LOADER = "$(TEST_HOST)";
				CODE_SIGN_STYLE = Automatic;
				CURRENT_PROJECT_VERSION = 1;
				DEVELOPMENT_TEAM = 4F24B8Q93A;
				GENERATE_INFOPLIST_FILE = YES;
				IPHONEOS_DEPLOYMENT_TARGET = 26.2;
				MARKETING_VERSION = 1.0;
				PRODUCT_BUNDLE_IDENTIFIER = com.FamiliaDJ.QuickLaunchTests;
				PRODUCT_NAME = "$(TARGET_NAME)";
				STRING_CATALOG_GENERATE_SYMBOLS = NO;
				SWIFT_APPROACHABLE_CONCURRENCY = YES;
				SWIFT_EMIT_LOC_STRINGS = NO;
				SWIFT_UPCOMING_FEATURE_MEMBER_IMPORT_VISIBILITY = YES;
				SWIFT_VERSION = 5.0;
				TARGETED_DEVICE_FAMILY = "1,2";
				TEST_HOST = "$(BUILT_PRODUCTS_DIR)/QuickLaunch.app/$(BUNDLE_EXECUTABLE_FOLDER_PATH)/QuickLaunch";
			};
			name = Debug;
		};
		79DED1DE2F643D8B003B03F4 /* Release */ = {
			isa = XCBuildConfiguration;
			buildSettings = {
				BUNDLE_LOADER = "$(TEST_HOST)";
				CODE_SIGN_STYLE = Automatic;
				CURRENT_PROJECT_VERSION = 1;
				DEVELOPMENT_TEAM = 4F24B8Q93A;
				GENERATE_INFOPLIST_FILE = YES;
				IPHONEOS_DEPLOYMENT_TARGET = 26.2;
				MARKETING_VERSION = 1.0;
				PRODUCT_BUNDLE_IDENTIFIER = com.FamiliaDJ.QuickLaunchTests;
				PRODUCT_NAME = "$(TARGET_NAME)";
				STRING_CATALOG_GENERATE_SYMBOLS = NO;
				SWIFT_APPROACHABLE_CONCURRENCY = YES;
				SWIFT_EMIT_LOC_STRINGS = NO;
				SWIFT_UPCOMING_FEATURE_MEMBER_IMPORT_VISIBILITY = YES;
				SWIFT_VERSION = 5.0;
				TARGETED_DEVICE_FAMILY = "1,2";
				TEST_HOST = "$(BUILT_PRODUCTS_DIR)/QuickLaunch.app/$(BUNDLE_EXECUTABLE_FOLDER_PATH)/QuickLaunch";
			};
			name = Release;
		};
		79DED1E02F643D8B003B03F4 /* Debug */ = {
			isa = XCBuildConfiguration;
			buildSettings = {
				CODE_SIGN_STYLE = Automatic;
				CURRENT_PROJECT_VERSION = 1;
				DEVELOPMENT_TEAM = 4F24B8Q93A;
				GENERATE_INFOPLIST_FILE = YES;
				MARKETING_VERSION = 1.0;
				PRODUCT_BUNDLE_IDENTIFIER = com.FamiliaDJ.QuickLaunchUITests;
				PRODUCT_NAME = "$(TARGET_NAME)";
				STRING_CATALOG_GENERATE_SYMBOLS = NO;
				SWIFT_APPROACHABLE_CONCURRENCY = YES;
				SWIFT_EMIT_LOC_STRINGS = NO;
				SWIFT_UPCOMING_FEATURE_MEMBER_IMPORT_VISIBILITY = YES;
				SWIFT_VERSION = 5.0;
				TARGETED_DEVICE_FAMILY = "1,2";
				TEST_TARGET_NAME = QuickLaunch;
			};
			name = Debug;
		};
		79DED1E12F643D8B003B03F4 /* Release */ = {
			isa = XCBuildConfiguration;
			buildSettings = {
				CODE_SIGN_STYLE = Automatic;
				CURRENT_PROJECT_VERSION = 1;
				DEVELOPMENT_TEAM = 4F24B8Q93A;
				GENERATE_INFOPLIST_FILE = YES;
				MARKETING_VERSION = 1.0;
				PRODUCT_BUNDLE_IDENTIFIER = com.FamiliaDJ.QuickLaunchUITests;
				PRODUCT_NAME = "$(TARGET_NAME)";
				STRING_CATALOG_GENERATE_SYMBOLS = NO;
				SWIFT_APPROACHABLE_CONCURRENCY = YES;
				SWIFT_EMIT_LOC_STRINGS = NO;
				SWIFT_UPCOMING_FEATURE_MEMBER_IMPORT_VISIBILITY = YES;
				SWIFT_VERSION = 5.0;
				TARGETED_DEVICE_FAMILY = "1,2";
				TEST_TARGET_NAME = QuickLaunch;
			};
			name = Release;
		};
		79DED20D2F64400D003B03F4 /* Debug */ = {
			isa = XCBuildConfiguration;
			buildSettings = {
				ASSETCATALOG_COMPILER_GLOBAL_ACCENT_COLOR_NAME = AccentColor;
				ASETCATALOG_COMPILER_WIDGET_BACKGROUND_COLOR_NAME = WidgetBackground;
				CODE_SIGN_STYLE = Automatic;
				CURRENT_PROJECT_VERSION = 1;
				DEVELOPMENT_TEAM = 4F24B8Q93A;
				GENERATE_INFOPLIST_FILE = YES;
				INFOPLIST_FILE = QuickLaunchWidget/Info.plist;
				INFOPLIST_KEY_CFBundleDisplayName = QuickLaunchWidget;
				INFOPLIST_KEY_NSHumanReadableCopyright = "";
				IPHONEOS_DEPLOYMENT_TARGET = 17.6;
				LD_RUNPATH_SEARCH_PATHS = (
					"$(inherited)",
					"@executable_path/Frameworks",
					"@executable_path/../../Frameworks",
				);
				MARKETING_VERSION = 1.0;
				PRODUCT_BUNDLE_IDENTIFIER = com.FamiliaDJ.QuickLaunch.QuickLaunchWidget;
				PRODUCT_NAME = "$(TARGET_NAME)";
				SKIP_INSTALL = YES;
				SWIFT_APPROACHABLE_CONCURRENCY = YES;
				SWIFT_EMIT_LOC_STRINGS = YES;
				SWIFT_VERSION = 5.0;
				TARGETED_DEVICE_FAMILY = "1,2";
			};
			name = Debug;
		};
		79DED20E2F64400E003B03F4 /* Release */ = {
			isa = XCBuildConfiguration;
			buildSettings = {
				ASSETCATALOG_COMPILER_GLOBAL_ACCENT_COLOR_NAME = AccentColor;
				ASETCATALOG_COMPILER_WIDGET_BACKGROUND_COLOR_NAME = WidgetBackground;
				CODE_SIGN_STYLE = Automatic;
				CURRENT_PROJECT_VERSION = 1;
				DEVELOPMENT_TEAM = 4F24B8Q93A;
				GENERATE_INFOPLIST_FILE = YES;
				INFOPLIST_FILE = QuickLaunchWidget/Info.plist;
				INFOPLIST_KEY_CFBundleDisplayName = QuickLaunchWidget;
				INFOPLIST_KEY_NSHumanReadableCopyright = "";
				IPHONEOS_DEPLOYMENT_TARGET = 17.6;
				LD_RUNPATH_SEARCH_PATHS = (
					"$(inherited)",
					"@executable_path/Frameworks",
					"@executable_path/../../Frameworks",
				);
				MARKETING_VERSION = 1.0;
				PRODUCT_BUNDLE_IDENTIFIER = com.FamiliaDJ.QuickLaunch.QuickLaunchWidget;
				PRODUCT_NAME = "$(TARGET_NAME)";
				SKIP_INSTALL = YES;
				SWIFT_APPROACHABLE_CONCURRENCY = YES;
				SWIFT_EMIT_LOC_STRINGS = YES;
				SWIFT_VERSION = 5.0;
				TARGETED_DEVICE_FAMILY = "1,2";
			};
			name = Release;
		};
/* End XCBuildConfiguration section */

/* Begin XCConfigurationList section */
		79DED1B32F643D89003B03F4 /* Build configuration list for PBXProject "QuickLaunch" */ = {
			isa = XCConfigurationList;
			buildConfigurations = (
				79DED1D72F643D8B003B03F4 /* Debug */,
				79DED1D82F643D8B003B03F4 /* Release */,
			);
			defaultConfigurationIsVisible = 0;
			defaultConfigurationName = Release;
		};
		79DED1D92F643D8B003B03F4 /* Build configuration list for PBXNativeTarget "QuickLaunch" */ = {
			isa = XCConfigurationList;
			buildConfigurations = (
				79DED1DA2F643D8B003B03F4 /* Debug */,
				79DED1DB2F643D8B003B03F4 /* Release */,
			);
			defaultConfigurationIsVisible = 0;
			defaultConfigurationName = Release;
		};
		79DED1DC2F643D8B003B03F4 /* Build configuration list for PBXNativeTarget "QuickLaunchTests" */ = {
			isa = XCConfigurationList;
			buildConfigurations = (
				79DED1DD2F643D8B003B03F4 /* Debug */,
				79DED1DE2F643D8B003B03F4 /* Release */,
			);
			defaultConfigurationIsVisible = 0;
			defaultConfigurationName = Release;
		};
		79DED1DF2F643D8B003B03F4 /* Build configuration list for PBXNativeTarget "QuickLaunchUITests" */ = {
			isa = XCConfigurationList;
			buildConfigurations = (
				79DED1E02F643D8B003B03F4 /* Debug */,
				79DED1E12F643D8B003B03F4 /* Release */,
			);
			defaultConfigurationIsVisible = 0;
			defaultConfigurationName = Release;
		};
		79DED20F2F64400F003B03F4 /* Build configuration list for PBXNativeTarget "QuickLaunchWidgetExtension" */ = {
			isa = XCConfigurationList;
			buildConfigurations = (
				79DED20D2F64400D003B03F4 /* Debug */,
				79DED20E2F64400E003B03F4 /* Release */,
			);
			defaultConfigurationIsVisible = 0;
			defaultConfigurationName = Release;
		};
/* End XCConfigurationList section */
	};
	rootObject = 79DED1B02F643D89003B03F4 /* Project object */;
}
